// !$*UTF8*$!
{
	archiveVersion = 1;
	classes = {
	};
	objectVersion = 56;
	objects = {

/* Begin PBXBuildFile section */
		55F4D0B02C9CA9D100BB680B /* AppDelegate.swift in Sources */ = {isa = PBXBuildFile; fileRef = 55F4D0AF2C9CA9D100BB680B /* AppDelegate.swift */; };
		55F4D0B22C9CA9D100BB680B /* SceneDelegate.swift in Sources */ = {isa = PBXBuildFile; fileRef = 55F4D0B12C9CA9D100BB680B /* SceneDelegate.swift */; };
		55F4D0B42C9CA9D100BB680B /* ViewController.swift in Sources */ = {isa = PBXBuildFile; fileRef = 55F4D0B32C9CA9D100BB680B /* ViewController.swift */; };
		55F4D0B72C9CA9D100BB680B /* Base in Resources */ = {isa = PBXBuildFile; fileRef = 55F4D0B62C9CA9D100BB680B /* Base */; };
		55F4D0B92C9CA9D200BB680B /* Assets.xcassets in Resources */ = {isa = PBXBuildFile; fileRef = 55F4D0B82C9CA9D200BB680B /* Assets.xcassets */; };
		55F4D0BC2C9CA9D200BB680B /* Base in Resources */ = {isa = PBXBuildFile; fileRef = 55F4D0BB2C9CA9D200BB680B /* Base */; };
		55F4D0C72C9CA9D200BB680B /* LightTests.swift in Sources */ = {isa = PBXBuildFile; fileRef = 55F4D0C62C9CA9D200BB680B /* LightTests.swift */; };
		55F4D0D12C9CA9D200BB680B /* LightUITests.swift in Sources */ = {isa = PBXBuildFile; fileRef = 55F4D0D02C9CA9D200BB680B /* LightUITests.swift */; };
		55F4D0D32C9CA9D200BB680B /* LightUITestsLaunchTests.swift in Sources */ = {isa = PBXBuildFile; fileRef = 55F4D0D22C9CA9D200BB680B /* LightUITestsLaunchTests.swift */; };
/* End PBXBuildFile section */

/* Begin PBXContainerItemProxy section */
		55F4D0C32C9CA9D200BB680B /* PBXContainerItemProxy */ = {
			isa = PBXContainerItemProxy;
			containerPortal = 55F4D0A42C9CA9D100BB680B /* Project object */;
			proxyType = 1;
			remoteGlobalIDString = 55F4D0AB2C9CA9D100BB680B;
			remoteInfo = Light;
		};
		55F4D0CD2C9CA9D200BB680B /* PBXContainerItemProxy */ = {
			isa = PBXContainerItemProxy;
			containerPortal = 55F4D0A42C9CA9D100BB680B /* Project object */;
			proxyType = 1;
			remoteGlobalIDString = 55F4D0AB2C9CA9D100BB680B;
			remoteInfo = Light;
		};
/* End PBXContainerItemProxy section */

/* Begin PBXFileReference section */
		55F4D0AC2C9CA9D100BB680B /* Light.app */ = {isa = PBXFileReference; explicitFileType = wrapper.application; includeInIndex = 0; path = Light.app; sourceTree = BUILT_PRODUCTS_DIR; };
		55F4D0AF2C9CA9D100BB680B /* AppDelegate.swift */ = {isa = PBXFileReference; lastKnownFileType = sourcecode.swift; path = AppDelegate.swift; sourceTree = "<group>"; };
		55F4D0B12C9CA9D100BB680B /* SceneDelegate.swift */ = {isa = PBXFileReference; lastKnownFileType = sourcecode.swift; path = SceneDelegate.swift; sourceTree = "<group>"; };
		55F4D0B32C9CA9D100BB680B /* ViewController.swift */ = {isa = PBXFileReference; lastKnownFileType = sourcecode.swift; path = ViewController.swift; sourceTree = "<group>"; };
		55F4D0B62C9CA9D100BB680B /* Base */ = {isa = PBXFileReference; lastKnownFileType = file.storyboard; name = Base; path = Base.lproj/Main.storyboard; sourceTree = "<group>"; };
		55F4D0B82C9CA9D200BB680B /* Assets.xcassets */ = {isa = PBXFileReference; lastKnownFileType = folder.assetcatalog; path = Assets.xcassets; sourceTree = "<group>"; };
		55F4D0BB2C9CA9D200BB680B /* Base */ = {isa = PBXFileReference; lastKnownFileType = file.storyboard; name = Base; path = Base.lproj/LaunchScreen.storyboard; sourceTree = "<group>"; };
		55F4D0BD2C9CA9D200BB680B /* Info.plist */ = {isa = PBXFileReference; lastKnownFileType = text.plist.xml; path = Info.plist; sourceTree = "<group>"; };
		55F4D0C22C9CA9D200BB680B /* LightTests.xctest */ = {isa = PBXFileReference; explicitFileType = wrapper.cfbundle; includeInIndex = 0; path = LightTests.xctest; sourceTree = BUILT_PRODUCTS_DIR; };
		55F4D0C62C9CA9D200BB680B /* LightTests.swift */ = {isa = PBXFileReference; lastKnownFileType = sourcecode.swift; path = LightTests.swift; sourceTree = "<group>"; };
		55F4D0CC2C9CA9D200BB680B /* LightUITests.xctest */ = {isa = PBXFileReference; explicitFileType = wrapper.cfbundle; includeInIndex = 0; path = LightUITests.xctest; sourceTree = BUILT_PRODUCTS_DIR; };
		55F4D0D02C9CA9D200BB680B /* LightUITests.swift */ = {isa = PBXFileReference; lastKnownFileType = sourcecode.swift; path = LightUITests.swift; sourceTree = "<group>"; };
		55F4D0D22C9CA9D200BB680B /* LightUITestsLaunchTests.swift */ = {isa = PBXFileReference; lastKnownFileType = sourcecode.swift; path = LightUITestsLaunchTests.swift; sourceTree = "<group>"; };
/* End PBXFileReference section */

/* Begin PBXFrameworksBuildPhase section */
		55F4D0A92C9CA9D100BB680B /* Frameworks */ = {
			isa = PBXFrameworksBuildPhase;
			buildActionMask = 2147483647;
			files = (
			);
			runOnlyForDeploymentPostprocessing = 0;
		};
		55F4D0BF2C9CA9D200BB680B /* Frameworks */ = {
			isa = PBXFrameworksBuildPhase;
			buildActionMask = 2147483647;
			files = (
			);
			runOnlyForDeploymentPostprocessing = 0;
		};
		55F4D0C92C9CA9D200BB680B /* Frameworks */ = {
			isa = PBXFrameworksBuildPhase;
			buildActionMask = 2147483647;
			files = (
			);
			runOnlyForDeploymentPostprocessing = 0;
		};
/* End PBXFrameworksBuildPhase section */

/* Begin PBXGroup section */
		55F4D0A32C9CA9D100BB680B = {
			isa = PBXGroup;
			children = (
				55F4D0AE2C9CA9D100BB680B /* Light */,
				55F4D0C52C9CA9D200BB680B /* LightTests */,
				55F4D0CF2C9CA9D200BB680B /* LightUITests */,
				55F4D0AD2C9CA9D100BB680B /* Products */,
			);
			sourceTree = "<group>";
		};
		55F4D0AD2C9CA9D100BB680B /* Products */ = {
			isa = PBXGroup;
			children = (
				55F4D0AC2C9CA9D100BB680B /* Light.app */,
				55F4D0C22C9CA9D200BB680B /* LightTests.xctest */,
				55F4D0CC2C9CA9D200BB680B /* LightUITests.xctest */,
			);
			name = Products;
			sourceTree = "<group>";
		};
		55F4D0AE2C9CA9D100BB680B /* Light */ = {
			isa = PBXGroup;
			children = (
				55F4D0AF2C9CA9D100BB680B /* AppDelegate.swift */,
				55F4D0B12C9CA9D100BB680B /* SceneDelegate.swift */,
				55F4D0B32C9CA9D100BB680B /* ViewController.swift */,
				55F4D0B52C9CA9D100BB680B /* Main.storyboard */,
				55F4D0B82C9CA9D200BB680B /* Assets.xcassets */,
				55F4D0BA2C9CA9D200BB680B /* LaunchScreen.storyboard */,
				55F4D0BD2C9CA9D200BB680B /* Info.plist */,
			);
			path = Light;
			sourceTree = "<group>";
		};
		55F4D0C52C9CA9D200BB680B /* LightTests */ = {
			isa = PBXGroup;
			children = (
				55F4D0C62C9CA9D200BB680B /* LightTests.swift */,
			);
			path = LightTests;
			sourceTree = "<group>";
		};
		55F4D0CF2C9CA9D200BB680B /* LightUITests */ = {
			isa = PBXGroup;
			children = (
				55F4D0D02C9CA9D200BB680B /* LightUITests.swift */,
				55F4D0D22C9CA9D200BB680B /* LightUITestsLaunchTests.swift */,
			);
			path = LightUITests;
			sourceTree = "<group>";
		};
/* End PBXGroup section */

/* Begin PBXNativeTarget section */
		55F4D0AB2C9CA9D100BB680B /* Light */ = {
			isa = PBXNativeTarget;
			buildConfigurationList = 55F4D0D62C9CA9D200BB680B /* Build configuration list for PBXNativeTarget "Light" */;
			buildPhases = (
				55F4D0A82C9CA9D100BB680B /* Sources */,
				55F4D0A92C9CA9D100BB680B /* Frameworks */,
				55F4D0AA2C9CA9D100BB680B /* Resources */,
			);
			buildRules = (
			);
			dependencies = (
			);
			name = Light;
			productName = Light;
			productReference = 55F4D0AC2C9CA9D100BB680B /* Light.app */;
			productType = "com.apple.product-type.application";
		};
		55F4D0C12C9CA9D200BB680B /* LightTests */ = {
			isa = PBXNativeTarget;
			buildConfigurationList = 55F4D0D92C9CA9D200BB680B /* Build configuration list for PBXNativeTarget "LightTests" */;
			buildPhases = (
				55F4D0BE2C9CA9D200BB680B /* Sources */,
				55F4D0BF2C9CA9D200BB680B /* Frameworks */,
				55F4D0C02C9CA9D200BB680B /* Resources */,
			);
			buildRules = (
			);
			dependencies = (
				55F4D0C42C9CA9D200BB680B /* PBXTargetDependency */,
			);
			name = LightTests;
			productName = LightTests;
			productReference = 55F4D0C22C9CA9D200BB680B /* LightTests.xctest */;
			productType = "com.apple.product-type.bundle.unit-test";
		};
		55F4D0CB2C9CA9D200BB680B /* LightUITests */ = {
			isa = PBXNativeTarget;
			buildConfigurationList = 55F4D0DC2C9CA9D200BB680B /* Build configuration list for PBXNativeTarget "LightUITests" */;
			buildPhases = (
				55F4D0C82C9CA9D200BB680B /* Sources */,
				55F4D0C92C9CA9D200BB680B /* Frameworks */,
				55F4D0CA2C9CA9D200BB680B /* Resources */,
			);
			buildRules = (
			);
			dependencies = (
				55F4D0CE2C9CA9D200BB680B /* PBXTargetDependency */,
			);
			name = LightUITests;
			productName = LightUITests;
			productReference = 55F4D0CC2C9CA9D200BB680B /* LightUITests.xctest */;
			productType = "com.apple.product-type.bundle.ui-testing";
		};
/* End PBXNativeTarget section */

/* Begin PBXProject section */
		55F4D0A42C9CA9D100BB680B /* Project object */ = {
			isa = PBXProject;
			attributes = {
				BuildIndependentTargetsInParallel = 1;
				LastSwiftUpdateCheck = 1540;
				LastUpgradeCheck = 1540;
				TargetAttributes = {
					55F4D0AB2C9CA9D100BB680B = {
						CreatedOnToolsVersion = 15.4;
					};
					55F4D0C12C9CA9D200BB680B = {
						CreatedOnToolsVersion = 15.4;
						TestTargetID = 55F4D0AB2C9CA9D100BB680B;
					};
					55F4D0CB2C9CA9D200BB680B = {
						CreatedOnToolsVersion = 15.4;
						TestTargetID = 55F4D0AB2C9CA9D100BB680B;
					};
				};
			};
			buildConfigurationList = 55F4D0A72C9CA9D100BB680B /* Build configuration list for PBXProject "Light" */;
			compatibilityVersion = "Xcode 14.0";
			developmentRegion = en;
			hasScannedForEncodings = 0;
			knownRegions = (
				en,
				Base,
			);
			mainGroup = 55F4D0A32C9CA9D100BB680B;
			productRefGroup = 55F4D0AD2C9CA9D100BB680B /* Products */;
			projectDirPath = "";
			projectRoot = "";
			targets = (
				55F4D0AB2C9CA9D100BB680B /* Light */,
				55F4D0C12C9CA9D200BB680B /* LightTests */,
				55F4D0CB2C9CA9D200BB680B /* LightUITests */,
			);
		};
/* End PBXProject section */

/* Begin PBXResourcesBuildPhase section */
		55F4D0AA2C9CA9D100BB680B /* Resources */ = {
			isa = PBXResourcesBuildPhase;
			buildActionMask = 2147483647;
			files = (
				55F4D0B92C9CA9D200BB680B /* Assets.xcassets in Resources */,
				55F4D0BC2C9CA9D200BB680B /* Base in Resources */,
				55F4D0B72C9CA9D100BB680B /* Base in Resources */,
			);
			runOnlyForDeploymentPostprocessing = 0;
		};
		55F4D0C02C9CA9D200BB680B /* Resources */ = {
			isa = PBXResourcesBuildPhase;
			buildActionMask = 2147483647;
			files = (
			);
			runOnlyForDeploymentPostprocessing = 0;
		};
		55F4D0CA2C9CA9D200BB680B /* Resources */ = {
			isa = PBXResourcesBuildPhase;
			buildActionMask = 2147483647;
			files = (
			);
			runOnlyForDeploymentPostprocessing = 0;
		};
/* End PBXResourcesBuildPhase section */

/* Begin PBXSourcesBuildPhase section */
		55F4D0A82C9CA9D100BB680B /* Sources */ = {
			isa = PBXSourcesBuildPhase;
			buildActionMask = 2147483647;
			files = (
				55F4D0B42C9CA9D100BB680B /* ViewController.swift in Sources */,
				55F4D0B02C9CA9D100BB680B /* AppDelegate.swift in Sources */,
				55F4D0B22C9CA9D100BB680B /* SceneDelegate.swift in Sources */,
			);
			runOnlyForDeploymentPostprocessing = 0;
		};
		55F4D0BE2C9CA9D200BB680B /* Sources */ = {
			isa = PBXSourcesBuildPhase;
			buildActionMask = 2147483647;
			files = (
				55F4D0C72C9CA9D200BB680B /* LightTests.swift in Sources */,
			);
			runOnlyForDeploymentPostprocessing = 0;
		};
		55F4D0C82C9CA9D200BB680B /* Sources */ = {
			isa = PBXSourcesBuildPhase;
			buildActionMask = 2147483647;
			files = (
				55F4D0D12C9CA9D200BB680B /* LightUITests.swift in Sources */,
				55F4D0D32C9CA9D200BB680B /* LightUITestsLaunchTests.swift in Sources */,
			);
			runOnlyForDeploymentPostprocessing = 0;
		};
/* End PBXSourcesBuildPhase section */

/* Begin PBXTargetDependency section */
		55F4D0C42C9CA9D200BB680B /* PBXTargetDependency */ = {
			isa = PBXTargetDependency;
			target = 55F4D0AB2C9CA9D100BB680B /* Light */;
			targetProxy = 55F4D0C32C9CA9D200BB680B /* PBXContainerItemProxy */;
		};
		55F4D0CE2C9CA9D200BB680B /* PBXTargetDependency */ = {
			isa = PBXTargetDependency;
			target = 55F4D0AB2C9CA9D100BB680B /* Light */;
			targetProxy = 55F4D0CD2C9CA9D200BB680B /* PBXContainerItemProxy */;
		};
/* End PBXTargetDependency section */

/* Begin PBXVariantGroup section */
		55F4D0B52C9CA9D100BB680B /* Main.storyboard */ = {
			isa = PBXVariantGroup;
			children = (
				55F4D0B62C9CA9D100BB680B /* Base */,
			);
			name = Main.storyboard;
			sourceTree = "<group>";
		};
		55F4D0BA2C9CA9D200BB680B /* LaunchScreen.storyboard */ = {
			isa = PBXVariantGroup;
			children = (
				55F4D0BB2C9CA9D200BB680B /* Base */,
			);
			name = LaunchScreen.storyboard;
			sourceTree = "<group>";
		};
/* End PBXVariantGroup section */

/* Begin XCBuildConfiguration section */
		55F4D0D42C9CA9D200BB680B /* Debug */ = {
			isa = XCBuildConfiguration;
			buildSettings = {
				ALWAYS_SEARCH_USER_PATHS = NO;
				ASSETCATALOG_COMPILER_GENERATE_SWIFT_ASSET_SYMBOL_EXTENSIONS = YES;
				CLANG_ANALYZER_NONNULL = YES;
				CLANG_ANALYZER_NUMBER_OBJECT_CONVERSION = YES_AGGRESSIVE;
				CLANG_CXX_LANGUAGE_STANDARD = "gnu++20";
				CLANG_ENABLE_MODULES = YES;
				CLANG_ENABLE_OBJC_ARC = YES;
				CLANG_ENABLE_OBJC_WEAK = YES;
				CLANG_WARN_BLOCK_CAPTURE_AUTORELEASING = YES;
				CLANG_WARN_BOOL_CONVERSION = YES;
				CLANG_WARN_COMMA = YES;
				CLANG_WARN_CONSTANT_CONVERSION = YES;
				CLANG_WARN_DEPRECATED_OBJC_IMPLEMENTATIONS = YES;
				CLANG_WARN_DIRECT_OBJC_ISA_USAGE = YES_ERROR;
				CLANG_WARN_DOCUMENTATION_COMMENTS = YES;
				CLANG_WARN_EMPTY_BODY = YES;
				CLANG_WARN_ENUM_CONVERSION = YES;
				CLANG_WARN_INFINITE_RECURSION = YES;
				CLANG_WARN_INT_CONVERSION = YES;
				CLANG_WARN_NON_LITERAL_NULL_CONVERSION = YES;
				CLANG_WARN_OBJC_IMPLICIT_RETAIN_SELF = YES;
				CLANG_WARN_OBJC_LITERAL_CONVERSION = YES;
				CLANG_WARN_OBJC_ROOT_CLASS = YES_ERROR;
				CLANG_WARN_QUOTED_INCLUDE_IN_FRAMEWORK_HEADER = YES;
				CLANG_WARN_RANGE_LOOP_ANALYSIS = YES;
				CLANG_WARN_STRICT_PROTOTYPES = YES;
				CLANG_WARN_SUSPICIOUS_MOVE = YES;
				CLANG_WARN_UNGUARDED_AVAILABILITY = YES_AGGRESSIVE;
				CLANG_WARN_UNREACHABLE_CODE = YES;
				CLANG_WARN__DUPLICATE_METHOD_MATCH = YES;
				COPY_PHASE_STRIP = NO;
				DEBUG_INFORMATION_FORMAT = dwarf;
				ENABLE_STRICT_OBJC_MSGSEND = YES;
				ENABLE_TESTABILITY = YES;
				ENABLE_USER_SCRIPT_SANDBOXING = YES;
				GCC_C_LANGUAGE_STANDARD = gnu17;
				GCC_DYNAMIC_NO_PIC = NO;
				GCC_NO_COMMON_BLOCKS = YES;
				GCC_OPTIMIZATION_LEVEL = 0;
				GCC_PREPROCESSOR_DEFINITIONS = (
					"DEBUG=1",
					"$(inherited)",
				);
				GCC_WARN_64_TO_32_BIT_CONVERSION = YES;
				GCC_WARN_ABOUT_RETURN_TYPE = YES_ERROR;
				GCC_WARN_UNDECLARED_SELECTOR = YES;
				GCC_WARN_UNINITIALIZED_AUTOS = YES_AGGRESSIVE;
				GCC_WARN_UNUSED_FUNCTION = YES;
				GCC_WARN_UNUSED_VARIABLE = YES;
				IPHONEOS_DEPLOYMENT_TARGET = 17.5;
				LOCALIZATION_PREFERS_STRING_CATALOGS = YES;
				MTL_ENABLE_DEBUG_INFO = INCLUDE_SOURCE;
				MTL_FAST_MATH = YES;
				ONLY_ACTIVE_ARCH = YES;
				SDKROOT = iphoneos;
				SWIFT_ACTIVE_COMPILATION_CONDITIONS = "DEBUG $(inherited)";
				SWIFT_OPTIMIZATION_LEVEL = "-Onone";
			};
			name = Debug;
		};
		55F4D0D52C9CA9D200BB680B /* Release */ = {
			isa = XCBuildConfiguration;
			buildSettings = {
				ALWAYS_SEARCH_USER_PATHS = NO;
				ASSETCATALOG_COMPILER_GENERATE_SWIFT_ASSET_SYMBOL_EXTENSIONS = YES;
				CLANG_ANALYZER_NONNULL = YES;
				CLANG_ANALYZER_NUMBER_OBJECT_CONVERSION = YES_AGGRESSIVE;
				CLANG_CXX_LANGUAGE_STANDARD = "gnu++20";
				CLANG_ENABLE_MODULES = YES;
				CLANG_ENABLE_OBJC_ARC = YES;
				CLANG_ENABLE_OBJC_WEAK = YES;
				CLANG_WARN_BLOCK_CAPTURE_AUTORELEASING = YES;
				CLANG_WARN_BOOL_CONVERSION = YES;
				CLANG_WARN_COMMA = YES;
				CLANG_WARN_CONSTANT_CONVERSION = YES;
				CLANG_WARN_DEPRECATED_OBJC_IMPLEMENTATIONS = YES;
				CLANG_WARN_DIRECT_OBJC_ISA_USAGE = YES_ERROR;
				CLANG_WARN_DOCUMENTATION_COMMENTS = YES;
				CLANG_WARN_EMPTY_BODY = YES;
				CLANG_WARN_ENUM_CONVERSION = YES;
				CLANG_WARN_INFINITE_RECURSION = YES;
				CLANG_WARN_INT_CONVERSION = YES;
				CLANG_WARN_NON_LITERAL_NULL_CONVERSION = YES;
				CLANG_WARN_OBJC_IMPLICIT_RETAIN_SELF = YES;
				CLANG_WARN_OBJC_LITERAL_CONVERSION = YES;
				CLANG_WARN_OBJC_ROOT_CLASS = YES_ERROR;
				CLANG_WARN_QUOTED_INCLUDE_IN_FRAMEWORK_HEADER = YES;
				CLANG_WARN_RANGE_LOOP_ANALYSIS = YES;
				CLANG_WARN_STRICT_PROTOTYPES = YES;
				CLANG_WARN_SUSPICIOUS_MOVE = YES;
				CLANG_WARN_UNGUARDED_AVAILABILITY = YES_AGGRESSIVE;
				CLANG_WARN_UNREACHABLE_CODE = YES;
				CLANG_WARN__DUPLICATE_METHOD_MATCH = YES;
				COPY_PHASE_STRIP = NO;
				DEBUG_INFORMATION_FORMAT = "dwarf-with-dsym";
				ENABLE_NS_ASSERTIONS = NO;
				ENABLE_STRICT_OBJC_MSGSEND = YES;
				ENABLE_USER_SCRIPT_SANDBOXING = YES;
				GCC_C_LANGUAGE_STANDARD = gnu17;
				GCC_NO_COMMON_BLOCKS = YES;
				GCC_WARN_64_TO_32_BIT_CONVERSION = YES;
				GCC_WARN_ABOUT_RETURN_TYPE = YES_ERROR;
				GCC_WARN_UNDECLARED_SELECTOR = YES;
				GCC_WARN_UNINITIALIZED_AUTOS = YES_AGGRESSIVE;
				GCC_WARN_UNUSED_FUNCTION = YES;
				GCC_WARN_UNUSED_VARIABLE = YES;
				IPHONEOS_DEPLOYMENT_TARGET = 17.5;
				LOCALIZATION_PREFERS_STRING_CATALOGS = YES;
				MTL_ENABLE_DEBUG_INFO = NO;
				MTL_FAST_MATH = YES;
				SDKROOT = iphoneos;
				SWIFT_COMPILATION_MODE = wholemodule;
				VALIDATE_PRODUCT = YES;
			};
			name = Release;
		};
		55F4D0D72C9CA9D200BB680B /* Debug */ = {
			isa = XCBuildConfiguration;
			buildSettings = {
				ASSETCATALOG_COMPILER_APPICON_NAME = AppIcon;
				ASSETCATALOG_COMPILER_GLOBAL_ACCENT_COLOR_NAME = AccentColor;
				CODE_SIGN_STYLE = Automatic;
				CURRENT_PROJECT_VERSION = 1;
				GENERATE_INFOPLIST_FILE = YES;
				INFOPLIST_FILE = Light/Info.plist;
				INFOPLIST_KEY_CFBundleDisplayName = Lumos;
				INFOPLIST_KEY_UIApplicationSupportsIndirectInputEvents = YES;
				INFOPLIST_KEY_UILaunchStoryboardName = LaunchScreen;
				INFOPLIST_KEY_UIMainStoryboardFile = Main;
				INFOPLIST_KEY_UISupportedInterfaceOrientations_iPad = "UIInterfaceOrientationPortrait UIInterfaceOrientationPortraitUpsideDown UIInterfaceOrientationLandscapeLeft UIInterfaceOrientationLandscapeRight";
				INFOPLIST_KEY_UISupportedInterfaceOrientations_iPhone = "UIInterfaceOrientationPortrait UIInterfaceOrientationLandscapeLeft UIInterfaceOrientationLandscapeRight";
				LD_RUNPATH_SEARCH_PATHS = (
					"$(inherited)",
					"@executable_path/Frameworks",
				);
				MARKETING_VERSION = 1.0;
				PRODUCT_BUNDLE_IDENTIFIER = Stellajo.Light;
				PRODUCT_NAME = "$(TARGET_NAME)";
				SWIFT_EMIT_LOC_STRINGS = YES;
				SWIFT_VERSION = 5.0;
				TARGETED_DEVICE_FAMILY = "1,2";
			};
			name = Debug;
		};
		55F4D0D82C9CA9D200BB680B /* Release */ = {
			isa = XCBuildConfiguration;
			buildSettings = {
				ASSETCATALOG_COMPILER_APPICON_NAME = AppIcon;
				ASSETCATALOG_COMPILER_GLOBAL_ACCENT_COLOR_NAME = AccentColor;
				CODE_SIGN_STYLE = Automatic;
				CURRENT_PROJECT_VERSION = 1;
				GENERATE_INFOPLIST_FILE = YES;
				INFOPLIST_FILE = Light/Info.plist;
				INFOPLIST_KEY_CFBundleDisplayName = Lumos;
				INFOPLIST_KEY_UIApplicationSupportsIndirectInputEvents = YES;
				INFOPLIST_KEY_UILaunchStoryboardName = LaunchScreen;
				INFOPLIST_KEY_UIMainStoryboardFile = Main;
				INFOPLIST_KEY_UISupportedInterfaceOrientations_iPad = "UIInterfaceOrientationPortrait UIInterfaceOrientationPortraitUpsideDown UIInterfaceOrientationLandscapeLeft UIInterfaceOrientationLandscapeRight";
				INFOPLIST_KEY_UISupportedInterfaceOrientations_iPhone = "UIInterfaceOrientationPortrait UIInterfaceOrientationLandscapeLeft UIInterfaceOrientationLandscapeRight";
				LD_RUNPATH_SEARCH_PATHS = (
					"$(inherited)",
					"@executable_path/Frameworks",
				);
				MARKETING_VERSION = 1.0;
				PRODUCT_BUNDLE_IDENTIFIER = Stellajo.Light;
				PRODUCT_NAME = "$(TARGET_NAME)";
				SWIFT_EMIT_LOC_STRINGS = YES;
				SWIFT_VERSION = 5.0;
				TARGETED_DEVICE_FAMILY = "1,2";
			};
			name = Release;
		};
		55F4D0DA2C9CA9D200BB680B /* Debug */ = {
			isa = XCBuildConfiguration;
			buildSettings = {
				ALWAYS_EMBED_SWIFT_STANDARD_LIBRARIES = YES;
				BUNDLE_LOADER = "$(TEST_HOST)";
				CODE_SIGN_STYLE = Automatic;
				CURRENT_PROJECT_VERSION = 1;
				GENERATE_INFOPLIST_FILE = YES;
				IPHONEOS_DEPLOYMENT_TARGET = 17.5;
				MARKETING_VERSION = 1.0;
				PRODUCT_BUNDLE_IDENTIFIER = Stellajo.LightTests;
				PRODUCT_NAME = "$(TARGET_NAME)";
				SWIFT_EMIT_LOC_STRINGS = NO;
				SWIFT_VERSION = 5.0;
				TARGETED_DEVICE_FAMILY = "1,2";
				TEST_HOST = "$(BUILT_PRODUCTS_DIR)/Light.app/$(BUNDLE_EXECUTABLE_FOLDER_PATH)/Light";
			};
			name = Debug;
		};
		55F4D0DB2C9CA9D200BB680B /* Release */ = {
			isa = XCBuildConfiguration;
			buildSettings = {
				ALWAYS_EMBED_SWIFT_STANDARD_LIBRARIES = YES;
				BUNDLE_LOADER = "$(TEST_HOST)";
				CODE_SIGN_STYLE = Automatic;
				CURRENT_PROJECT_VERSION = 1;
				GENERATE_INFOPLIST_FILE = YES;
				IPHONEOS_DEPLOYMENT_TARGET = 17.5;
				MARKETING_VERSION = 1.0;
				PRODUCT_BUNDLE_IDENTIFIER = Stellajo.LightTests;
				PRODUCT_NAME = "$(TARGET_NAME)";
				SWIFT_EMIT_LOC_STRINGS = NO;
				SWIFT_VERSION = 5.0;
				TARGETED_DEVICE_FAMILY = "1,2";
				TEST_HOST = "$(BUILT_PRODUCTS_DIR)/Light.app/$(BUNDLE_EXECUTABLE_FOLDER_PATH)/Light";
			};
			name = Release;
		};
		55F4D0DD2C9CA9D200BB680B /* Debug */ = {
			isa = XCBuildConfiguration;
			buildSettings = {
				ALWAYS_EMBED_SWIFT_STANDARD_LIBRARIES = YES;
				CODE_SIGN_STYLE = Automatic;
				CURRENT_PROJECT_VERSION = 1;
				GENERATE_INFOPLIST_FILE = YES;
				MARKETING_VERSION = 1.0;
				PRODUCT_BUNDLE_IDENTIFIER = Stellajo.LightUITests;
				PRODUCT_NAME = "$(TARGET_NAME)";
				SWIFT_EMIT_LOC_STRINGS = NO;
				SWIFT_VERSION = 5.0;
				TARGETED_DEVICE_FAMILY = "1,2";
				TEST_TARGET_NAME = Light;
			};
			name = Debug;
		};
		55F4D0DE2C9CA9D200BB680B /* Release */ = {
			isa = XCBuildConfiguration;
			buildSettings = {
				ALWAYS_EMBED_SWIFT_STANDARD_LIBRARIES = YES;
				CODE_SIGN_STYLE = Automatic;
				CURRENT_PROJECT_VERSION = 1;
				GENERATE_INFOPLIST_FILE = YES;
				MARKETING_VERSION = 1.0;
				PRODUCT_BUNDLE_IDENTIFIER = Stellajo.LightUITests;
				PRODUCT_NAME = "$(TARGET_NAME)";
				SWIFT_EMIT_LOC_STRINGS = NO;
				SWIFT_VERSION = 5.0;
				TARGETED_DEVICE_FAMILY = "1,2";
				TEST_TARGET_NAME = Light;
			};
			name = Release;
		};
/* End XCBuildConfiguration section */

/* Begin XCConfigurationList section */
		55F4D0A72C9CA9D100BB680B /* Build configuration list for PBXProject "Light" */ = {
			isa = XCConfigurationList;
			buildConfigurations = (
				55F4D0D42C9CA9D200BB680B /* Debug */,
				55F4D0D52C9CA9D200BB680B /* Release */,
			);
			defaultConfigurationIsVisible = 0;
			defaultConfigurationName = Release;
		};
		55F4D0D62C9CA9D200BB680B /* Build configuration list for PBXNativeTarget "Light" */ = {
			isa = XCConfigurationList;
			buildConfigurations = (
				55F4D0D72C9CA9D200BB680B /* Debug */,
				55F4D0D82C9CA9D200BB680B /* Release */,
			);
			defaultConfigurationIsVisible = 0;
			defaultConfigurationName = Release;
		};
		55F4D0D92C9CA9D200BB680B /* Build configuration list for PBXNativeTarget "LightTests" */ = {
			isa = XCConfigurationList;
			buildConfigurations = (
				55F4D0DA2C9CA9D200BB680B /* Debug */,
				55F4D0DB2C9CA9D200BB680B /* Release */,
			);
			defaultConfigurationIsVisible = 0;
			defaultConfigurationName = Release;
		};
		55F4D0DC2C9CA9D200BB680B /* Build configuration list for PBXNativeTarget "LightUITests" */ = {
			isa = XCConfigurationList;
			buildConfigurations = (
				55F4D0DD2C9CA9D200BB680B /* Debug */,
				55F4D0DE2C9CA9D200BB680B /* Release */,
			);
			defaultConfigurationIsVisible = 0;
			defaultConfigurationName = Release;
		};
/* End XCConfigurationList section */
	};
	rootObject = 55F4D0A42C9CA9D100BB680B /* Project object */;
}
